
Microsoft Visual Studio Solution File, Format Version 10.00
# Visual Studio 2008
Project("{FAE04EC0-301F-11D3-BF4B-00C04F79EFBC}") = "BitMarket", "BitMarket\BitMarket.csproj", "{9ACFBAD2-23B8-4623-9979-E10B6E6FEF89}"
EndProject
Project("{FAE04EC0-301F-11D3-BF4B-00C04F79EFBC}") = "GenericHandler", "GenericMessage\GenericHandler.csproj", "{32C76214-7636-4AF8-A8D8-9E8296BD0BFE}"
EndProject
Project("{FAE04EC0-301F-11D3-BF4B-00C04F79EFBC}") = "Bitmessage", "Bitmessage\Bitmessage.csproj", "{EC929B4C-CF0A-4683-9ACF-E818B1B79D06}"
EndProject
Global
	GlobalSection(SolutionConfigurationPlatforms) = preSolution
		Debug|Any CPU = Debug|Any CPU
		Release|Any CPU = Release|Any CPU
	EndGlobalSection
	GlobalSection(ProjectConfigurationPlatforms) = postSolution
		{9ACFBAD2-23B8-4623-9979-E10B6E6FEF89}.Debug|Any CPU.ActiveCfg = Debug|Any CPU
		{9ACFBAD2-23B8-4623-9979-E10B6E6FEF89}.Debug|Any CPU.Build.0 = Debug|Any CPU
		{9ACFBAD2-23B8-4623-9979-E10B6E6FEF89}.Release|Any CPU.ActiveCfg = Release|Any CPU
		{9ACFBAD2-23B8-4623-9979-E10B6E6FEF89}.Release|Any CPU.Build.0 = Release|Any CPU
		{32C76214-7636-4AF8-A8D8-9E8296BD0BFE}.Debug|Any CPU.ActiveCfg = Debug|Any CPU
		{32C76214-7636-4AF8-A8D8-9E8296BD0BFE}.Debug|Any CPU.Build.0 = Debug|Any CPU
		{32C76214-7636-4AF8-A8D8-9E8296BD0BFE}.Release|Any CPU.ActiveCfg = Release|Any CPU
		{32C76214-7636-4AF8-A8D8-9E8296BD0BFE}.Release|Any CPU.Build.0 = Release|Any CPU
		{EC929B4C-CF0A-4683-9ACF-E818B1B79D06}.Debug|Any CPU.ActiveCfg = Debug|Any CPU
		{EC929B4C-CF0A-4683-9ACF-E818B1B79D06}.Debug|Any CPU.Build.0 = Debug|Any CPU
		{EC929B4C-CF0A-4683-9ACF-E818B1B79D06}.Release|Any CPU.ActiveCfg = Release|Any CPU
		{EC929B4C-CF0A-4683-9ACF-E818B1B79D06}.Release|Any CPU.Build.0 = Release|Any CPU
	EndGlobalSection
	GlobalSection(SolutionProperties) = preSolution
		HideSolutionNode = FALSE
	EndGlobalSection
EndGlobal
